
Microsoft Visual Studio Solution File, Format Version 12.00
# Visual Studio 15
VisualStudioVersion = 15.0.27130.2036
MinimumVisualStudioVersion = 10.0.40219.1
Project("{FAE04EC0-301F-11D3-BF4B-00C04F79EFBC}") = "AutomationTests", "AutomationTests\AutomationTests.csproj", "{F38B1EE7-460B-472A-B0A5-D283AB749376}"
EndProject
Project("{2150E333-8FDC-42A3-9474-1A3956D46DE8}") = "Solution Items", "Solution Items", "{0D7F215F-49B7-4CE8-91D9-C2F3EEA87202}"
	ProjectSection(SolutionItems) = preProject
		Settings.testsettings = Settings.testsettings
	EndProjectSection
EndProject
Project("{FAE04EC0-301F-11D3-BF4B-00C04F79EFBC}") = "ProbeTests", "ProbeTests\ProbeTests.csproj", "{45CF71DE-AE8B-401B-BE37-A39705C5517A}"
EndProject
Project("{FAE04EC0-301F-11D3-BF4B-00C04F79EFBC}") = "ProbeTests.Model", "ProbeTests.Model\ProbeTests.Model.csproj", "{19D29549-735E-4B7B-AA30-2EB75FE8ED65}"
EndProject
Project("{FAE04EC0-301F-11D3-BF4B-00C04F79EFBC}") = "GraphHelper", "GraphHelper\GraphHelper.csproj", "{E71ADC79-9789-4B6E-9EB8-E981077BC233}"
EndProject
Project("{FAE04EC0-301F-11D3-BF4B-00C04F79EFBC}") = "GraphTest", "GraphTest\GraphTest.csproj", "{717CB347-B958-4752-823B-A5E042B998CA}"
EndProject
Project("{FAE04EC0-301F-11D3-BF4B-00C04F79EFBC}") = "Power365Framework", "Power365Framework\Power365Framework.csproj", "{F4A99F12-F83F-4A1A-842E-9F17A8393B37}"
EndProject
Project("{2150E333-8FDC-42A3-9474-1A3956D46DE8}") = "NewFramework", "NewFramework", "{DB422C43-10A6-4341-9259-F3DE0AD1A525}"
EndProject
Project("{FAE04EC0-301F-11D3-BF4B-00C04F79EFBC}") = "Power365Framework.Test", "Power365Framework.Test\Power365Framework.Test.csproj", "{E723BB78-CC3C-4E23-9B4F-991823A17870}"
EndProject
Project("{FAE04EC0-301F-11D3-BF4B-00C04F79EFBC}") = "Power365.Test", "Power365.Test\Power365.Test.csproj", "{C5AC6BA4-068A-45A7-981B-BF051EDF4333}"
EndProject
Project("{FAE04EC0-301F-11D3-BF4B-00C04F79EFBC}") = "Power365DirSync.Test", "Power365DirSync.Test\Power365DirSync.Test.csproj", "{CFF97915-4E84-4D39-B91C-C0EB92C05448}"
EndProject
Global
	GlobalSection(SolutionConfigurationPlatforms) = preSolution
		Debug|Any CPU = Debug|Any CPU
		Debug|x64 = Debug|x64
		Release|Any CPU = Release|Any CPU
		Release|x64 = Release|x64
	EndGlobalSection
	GlobalSection(ProjectConfigurationPlatforms) = postSolution
		{F38B1EE7-460B-472A-B0A5-D283AB749376}.Debug|Any CPU.ActiveCfg = Debug|Any CPU
		{F38B1EE7-460B-472A-B0A5-D283AB749376}.Debug|Any CPU.Build.0 = Debug|Any CPU
		{F38B1EE7-460B-472A-B0A5-D283AB749376}.Debug|x64.ActiveCfg = Debug|Any CPU
		{F38B1EE7-460B-472A-B0A5-D283AB749376}.Debug|x64.Build.0 = Debug|Any CPU
		{F38B1EE7-460B-472A-B0A5-D283AB749376}.Release|Any CPU.ActiveCfg = Release|Any CPU
		{F38B1EE7-460B-472A-B0A5-D283AB749376}.Release|Any CPU.Build.0 = Release|Any CPU
		{F38B1EE7-460B-472A-B0A5-D283AB749376}.Release|x64.ActiveCfg = Release|Any CPU
		{F38B1EE7-460B-472A-B0A5-D283AB749376}.Release|x64.Build.0 = Release|Any CPU
		{45CF71DE-AE8B-401B-BE37-A39705C5517A}.Debug|Any CPU.ActiveCfg = Debug|Any CPU
		{45CF71DE-AE8B-401B-BE37-A39705C5517A}.Debug|Any CPU.Build.0 = Debug|Any CPU
		{45CF71DE-AE8B-401B-BE37-A39705C5517A}.Debug|x64.ActiveCfg = Debug|Any CPU
		{45CF71DE-AE8B-401B-BE37-A39705C5517A}.Debug|x64.Build.0 = Debug|Any CPU
		{45CF71DE-AE8B-401B-BE37-A39705C5517A}.Release|Any CPU.ActiveCfg = Release|Any CPU
		{45CF71DE-AE8B-401B-BE37-A39705C5517A}.Release|Any CPU.Build.0 = Release|Any CPU
		{45CF71DE-AE8B-401B-BE37-A39705C5517A}.Release|x64.ActiveCfg = Release|Any CPU
		{45CF71DE-AE8B-401B-BE37-A39705C5517A}.Release|x64.Build.0 = Release|Any CPU
		{19D29549-735E-4B7B-AA30-2EB75FE8ED65}.Debug|Any CPU.ActiveCfg = Debug|Any CPU
		{19D29549-735E-4B7B-AA30-2EB75FE8ED65}.Debug|Any CPU.Build.0 = Debug|Any CPU
		{19D29549-735E-4B7B-AA30-2EB75FE8ED65}.Debug|x64.ActiveCfg = Debug|Any CPU
		{19D29549-735E-4B7B-AA30-2EB75FE8ED65}.Debug|x64.Build.0 = Debug|Any CPU
		{19D29549-735E-4B7B-AA30-2EB75FE8ED65}.Release|Any CPU.ActiveCfg = Release|Any CPU
		{19D29549-735E-4B7B-AA30-2EB75FE8ED65}.Release|Any CPU.Build.0 = Release|Any CPU
		{19D29549-735E-4B7B-AA30-2EB75FE8ED65}.Release|x64.ActiveCfg = Release|Any CPU
		{19D29549-735E-4B7B-AA30-2EB75FE8ED65}.Release|x64.Build.0 = Release|Any CPU
		{E71ADC79-9789-4B6E-9EB8-E981077BC233}.Debug|Any CPU.ActiveCfg = Debug|Any CPU
		{E71ADC79-9789-4B6E-9EB8-E981077BC233}.Debug|Any CPU.Build.0 = Debug|Any CPU
		{E71ADC79-9789-4B6E-9EB8-E981077BC233}.Debug|x64.ActiveCfg = Debug|Any CPU
		{E71ADC79-9789-4B6E-9EB8-E981077BC233}.Debug|x64.Build.0 = Debug|Any CPU
		{E71ADC79-9789-4B6E-9EB8-E981077BC233}.Release|Any CPU.ActiveCfg = Release|Any CPU
		{E71ADC79-9789-4B6E-9EB8-E981077BC233}.Release|Any CPU.Build.0 = Release|Any CPU
		{E71ADC79-9789-4B6E-9EB8-E981077BC233}.Release|x64.ActiveCfg = Release|Any CPU
		{E71ADC79-9789-4B6E-9EB8-E981077BC233}.Release|x64.Build.0 = Release|Any CPU
		{717CB347-B958-4752-823B-A5E042B998CA}.Debug|Any CPU.ActiveCfg = Debug|Any CPU
		{717CB347-B958-4752-823B-A5E042B998CA}.Debug|Any CPU.Build.0 = Debug|Any CPU
		{717CB347-B958-4752-823B-A5E042B998CA}.Debug|x64.ActiveCfg = Debug|Any CPU
		{717CB347-B958-4752-823B-A5E042B998CA}.Debug|x64.Build.0 = Debug|Any CPU
		{717CB347-B958-4752-823B-A5E042B998CA}.Release|Any CPU.ActiveCfg = Release|Any CPU
		{717CB347-B958-4752-823B-A5E042B998CA}.Release|Any CPU.Build.0 = Release|Any CPU
		{717CB347-B958-4752-823B-A5E042B998CA}.Release|x64.ActiveCfg = Release|Any CPU
		{717CB347-B958-4752-823B-A5E042B998CA}.Release|x64.Build.0 = Release|Any CPU
		{F4A99F12-F83F-4A1A-842E-9F17A8393B37}.Debug|Any CPU.ActiveCfg = Debug|Any CPU
		{F4A99F12-F83F-4A1A-842E-9F17A8393B37}.Debug|Any CPU.Build.0 = Debug|Any CPU
		{F4A99F12-F83F-4A1A-842E-9F17A8393B37}.Debug|x64.ActiveCfg = Debug|Any CPU
		{F4A99F12-F83F-4A1A-842E-9F17A8393B37}.Debug|x64.Build.0 = Debug|Any CPU
		{F4A99F12-F83F-4A1A-842E-9F17A8393B37}.Release|Any CPU.ActiveCfg = Release|Any CPU
		{F4A99F12-F83F-4A1A-842E-9F17A8393B37}.Release|Any CPU.Build.0 = Release|Any CPU
		{F4A99F12-F83F-4A1A-842E-9F17A8393B37}.Release|x64.ActiveCfg = Release|Any CPU
		{F4A99F12-F83F-4A1A-842E-9F17A8393B37}.Release|x64.Build.0 = Release|Any CPU
		{E723BB78-CC3C-4E23-9B4F-991823A17870}.Debug|Any CPU.ActiveCfg = Debug|Any CPU
		{E723BB78-CC3C-4E23-9B4F-991823A17870}.Debug|Any CPU.Build.0 = Debug|Any CPU
		{E723BB78-CC3C-4E23-9B4F-991823A17870}.Debug|x64.ActiveCfg = Debug|Any CPU
		{E723BB78-CC3C-4E23-9B4F-991823A17870}.Debug|x64.Build.0 = Debug|Any CPU
		{E723BB78-CC3C-4E23-9B4F-991823A17870}.Release|Any CPU.ActiveCfg = Release|Any CPU
		{E723BB78-CC3C-4E23-9B4F-991823A17870}.Release|Any CPU.Build.0 = Release|Any CPU
		{E723BB78-CC3C-4E23-9B4F-991823A17870}.Release|x64.ActiveCfg = Release|Any CPU
		{E723BB78-CC3C-4E23-9B4F-991823A17870}.Release|x64.Build.0 = Release|Any CPU
		{C5AC6BA4-068A-45A7-981B-BF051EDF4333}.Debug|Any CPU.ActiveCfg = Debug|Any CPU
		{C5AC6BA4-068A-45A7-981B-BF051EDF4333}.Debug|Any CPU.Build.0 = Debug|Any CPU
		{C5AC6BA4-068A-45A7-981B-BF051EDF4333}.Debug|x64.ActiveCfg = Debug|Any CPU
		{C5AC6BA4-068A-45A7-981B-BF051EDF4333}.Debug|x64.Build.0 = Debug|Any CPU
		{C5AC6BA4-068A-45A7-981B-BF051EDF4333}.Release|Any CPU.ActiveCfg = Release|Any CPU
		{C5AC6BA4-068A-45A7-981B-BF051EDF4333}.Release|Any CPU.Build.0 = Release|Any CPU
		{C5AC6BA4-068A-45A7-981B-BF051EDF4333}.Release|x64.ActiveCfg = Release|Any CPU
		{C5AC6BA4-068A-45A7-981B-BF051EDF4333}.Release|x64.Build.0 = Release|Any CPU
		{CFF97915-4E84-4D39-B91C-C0EB92C05448}.Debug|Any CPU.ActiveCfg = Debug|Any CPU
		{CFF97915-4E84-4D39-B91C-C0EB92C05448}.Debug|Any CPU.Build.0 = Debug|Any CPU
		{CFF97915-4E84-4D39-B91C-C0EB92C05448}.Debug|x64.ActiveCfg = Debug|Any CPU
		{CFF97915-4E84-4D39-B91C-C0EB92C05448}.Debug|x64.Build.0 = Debug|Any CPU
		{CFF97915-4E84-4D39-B91C-C0EB92C05448}.Release|Any CPU.ActiveCfg = Release|Any CPU
		{CFF97915-4E84-4D39-B91C-C0EB92C05448}.Release|Any CPU.Build.0 = Release|Any CPU
		{CFF97915-4E84-4D39-B91C-C0EB92C05448}.Release|x64.ActiveCfg = Release|Any CPU
		{CFF97915-4E84-4D39-B91C-C0EB92C05448}.Release|x64.Build.0 = Release|Any CPU
	EndGlobalSection
	GlobalSection(SolutionProperties) = preSolution
		HideSolutionNode = FALSE
	EndGlobalSection
	GlobalSection(NestedProjects) = preSolution
		{F4A99F12-F83F-4A1A-842E-9F17A8393B37} = {DB422C43-10A6-4341-9259-F3DE0AD1A525}
		{E723BB78-CC3C-4E23-9B4F-991823A17870} = {DB422C43-10A6-4341-9259-F3DE0AD1A525}
		{C5AC6BA4-068A-45A7-981B-BF051EDF4333} = {DB422C43-10A6-4341-9259-F3DE0AD1A525}
		{CFF97915-4E84-4D39-B91C-C0EB92C05448} = {DB422C43-10A6-4341-9259-F3DE0AD1A525}
	EndGlobalSection
	GlobalSection(ExtensibilityGlobals) = postSolution
		SolutionGuid = {77C43FFC-5DDD-4F95-BEAF-39D1A4536339}
	EndGlobalSection
EndGlobal
