
Microsoft Visual Studio Solution File, Format Version 12.00
# Visual Studio 15
VisualStudioVersion = 15.0.27130.2027
MinimumVisualStudioVersion = 10.0.40219.1
Project("{FAE04EC0-301F-11D3-BF4B-00C04F79EFBC}") = "AutomationTests", "AutomationTests\AutomationTests.csproj", "{F38B1EE7-460B-472A-B0A5-D283AB749376}"
EndProject
Project("{2150E333-8FDC-42A3-9474-1A3956D46DE8}") = "Solution Items", "Solution Items", "{0D7F215F-49B7-4CE8-91D9-C2F3EEA87202}"
	ProjectSection(SolutionItems) = preProject
		Settings.testsettings = Settings.testsettings
	EndProjectSection
EndProject
Project("{FAE04EC0-301F-11D3-BF4B-00C04F79EFBC}") = "ProbeTests", "ProbeTests\ProbeTests.csproj", "{45CF71DE-AE8B-401B-BE37-A39705C5517A}"
EndProject
Project("{FAE04EC0-301F-11D3-BF4B-00C04F79EFBC}") = "ProbeTests.Model", "ProbeTests.Model\ProbeTests.Model.csproj", "{19D29549-735E-4B7B-AA30-2EB75FE8ED65}"
EndProject
Project("{FAE04EC0-301F-11D3-BF4B-00C04F79EFBC}") = "Monitor.Lib", "..\Monitoring\Monitor.Lib\Monitor.Lib.csproj", "{48D4F265-64CE-4B20-A626-88F3D88F56E0}"
EndProject
Project("{FAE04EC0-301F-11D3-BF4B-00C04F79EFBC}") = "HealthProbe", "..\Monitoring\HealthProbe\HealthProbe.csproj", "{B3C3B0D3-1E2E-495B-8A9F-3509A4A245DB}"
EndProject
Project("{FAE04EC0-301F-11D3-BF4B-00C04F79EFBC}") = "GraphHelper", "GraphHelper\GraphHelper.csproj", "{E71ADC79-9789-4B6E-9EB8-E981077BC233}"
EndProject
Project("{FAE04EC0-301F-11D3-BF4B-00C04F79EFBC}") = "GraphTest", "GraphTest\GraphTest.csproj", "{717CB347-B958-4752-823B-A5E042B998CA}"
EndProject
Project("{FAE04EC0-301F-11D3-BF4B-00C04F79EFBC}") = "BTCloud.Lib", "..\Apps\BTCloud.Web\BTCloud.Lib\BTCloud.Lib.csproj", "{13769355-6704-46C6-A855-EBF61B828DC6}"
EndProject
Project("{00D1A9C2-B5F0-4AF3-8072-F6C62B433612}") = "ProbeTests.Database", "..\Databases\ProbeTests.Database\ProbeTests.Database.sqlproj", "{48F4C94B-1D29-4717-A23C-45863DD4F71C}"
EndProject
Project("{FAE04EC0-301F-11D3-BF4B-00C04F79EFBC}") = "T365.Database", "T365.Database\T365.Database.csproj", "{06091402-4BB2-44D5-B443-32AAB04713C5}"
EndProject
Global
	GlobalSection(SolutionConfigurationPlatforms) = preSolution
		Debug|Any CPU = Debug|Any CPU
		Debug|x64 = Debug|x64
		Release|Any CPU = Release|Any CPU
		Release|x64 = Release|x64
	EndGlobalSection
	GlobalSection(ProjectConfigurationPlatforms) = postSolution
		{F38B1EE7-460B-472A-B0A5-D283AB749376}.Debug|Any CPU.ActiveCfg = Debug|Any CPU
		{F38B1EE7-460B-472A-B0A5-D283AB749376}.Debug|Any CPU.Build.0 = Debug|Any CPU
		{F38B1EE7-460B-472A-B0A5-D283AB749376}.Debug|x64.ActiveCfg = Debug|Any CPU
		{F38B1EE7-460B-472A-B0A5-D283AB749376}.Debug|x64.Build.0 = Debug|Any CPU
		{F38B1EE7-460B-472A-B0A5-D283AB749376}.Release|Any CPU.ActiveCfg = Release|Any CPU
		{F38B1EE7-460B-472A-B0A5-D283AB749376}.Release|Any CPU.Build.0 = Release|Any CPU
		{F38B1EE7-460B-472A-B0A5-D283AB749376}.Release|x64.ActiveCfg = Release|Any CPU
		{F38B1EE7-460B-472A-B0A5-D283AB749376}.Release|x64.Build.0 = Release|Any CPU
		{45CF71DE-AE8B-401B-BE37-A39705C5517A}.Debug|Any CPU.ActiveCfg = Debug|Any CPU
		{45CF71DE-AE8B-401B-BE37-A39705C5517A}.Debug|Any CPU.Build.0 = Debug|Any CPU
		{45CF71DE-AE8B-401B-BE37-A39705C5517A}.Debug|x64.ActiveCfg = Debug|Any CPU
		{45CF71DE-AE8B-401B-BE37-A39705C5517A}.Debug|x64.Build.0 = Debug|Any CPU
		{45CF71DE-AE8B-401B-BE37-A39705C5517A}.Release|Any CPU.ActiveCfg = Release|Any CPU
		{45CF71DE-AE8B-401B-BE37-A39705C5517A}.Release|Any CPU.Build.0 = Release|Any CPU
		{45CF71DE-AE8B-401B-BE37-A39705C5517A}.Release|x64.ActiveCfg = Release|Any CPU
		{45CF71DE-AE8B-401B-BE37-A39705C5517A}.Release|x64.Build.0 = Release|Any CPU
		{19D29549-735E-4B7B-AA30-2EB75FE8ED65}.Debug|Any CPU.ActiveCfg = Debug|Any CPU
		{19D29549-735E-4B7B-AA30-2EB75FE8ED65}.Debug|Any CPU.Build.0 = Debug|Any CPU
		{19D29549-735E-4B7B-AA30-2EB75FE8ED65}.Debug|x64.ActiveCfg = Debug|Any CPU
		{19D29549-735E-4B7B-AA30-2EB75FE8ED65}.Debug|x64.Build.0 = Debug|Any CPU
		{19D29549-735E-4B7B-AA30-2EB75FE8ED65}.Release|Any CPU.ActiveCfg = Release|Any CPU
		{19D29549-735E-4B7B-AA30-2EB75FE8ED65}.Release|Any CPU.Build.0 = Release|Any CPU
		{19D29549-735E-4B7B-AA30-2EB75FE8ED65}.Release|x64.ActiveCfg = Release|Any CPU
		{19D29549-735E-4B7B-AA30-2EB75FE8ED65}.Release|x64.Build.0 = Release|Any CPU
		{48D4F265-64CE-4B20-A626-88F3D88F56E0}.Debug|Any CPU.ActiveCfg = Debug|Any CPU
		{48D4F265-64CE-4B20-A626-88F3D88F56E0}.Debug|Any CPU.Build.0 = Debug|Any CPU
		{48D4F265-64CE-4B20-A626-88F3D88F56E0}.Debug|x64.ActiveCfg = Debug|x64
		{48D4F265-64CE-4B20-A626-88F3D88F56E0}.Debug|x64.Build.0 = Debug|x64
		{48D4F265-64CE-4B20-A626-88F3D88F56E0}.Release|Any CPU.ActiveCfg = Release|Any CPU
		{48D4F265-64CE-4B20-A626-88F3D88F56E0}.Release|Any CPU.Build.0 = Release|Any CPU
		{48D4F265-64CE-4B20-A626-88F3D88F56E0}.Release|x64.ActiveCfg = Release|x64
		{48D4F265-64CE-4B20-A626-88F3D88F56E0}.Release|x64.Build.0 = Release|x64
		{B3C3B0D3-1E2E-495B-8A9F-3509A4A245DB}.Debug|Any CPU.ActiveCfg = Debug|Any CPU
		{B3C3B0D3-1E2E-495B-8A9F-3509A4A245DB}.Debug|Any CPU.Build.0 = Debug|Any CPU
		{B3C3B0D3-1E2E-495B-8A9F-3509A4A245DB}.Debug|x64.ActiveCfg = Debug|x64
		{B3C3B0D3-1E2E-495B-8A9F-3509A4A245DB}.Debug|x64.Build.0 = Debug|x64
		{B3C3B0D3-1E2E-495B-8A9F-3509A4A245DB}.Release|Any CPU.ActiveCfg = Release|Any CPU
		{B3C3B0D3-1E2E-495B-8A9F-3509A4A245DB}.Release|Any CPU.Build.0 = Release|Any CPU
		{B3C3B0D3-1E2E-495B-8A9F-3509A4A245DB}.Release|x64.ActiveCfg = Release|x64
		{B3C3B0D3-1E2E-495B-8A9F-3509A4A245DB}.Release|x64.Build.0 = Release|x64
		{E71ADC79-9789-4B6E-9EB8-E981077BC233}.Debug|Any CPU.ActiveCfg = Debug|Any CPU
		{E71ADC79-9789-4B6E-9EB8-E981077BC233}.Debug|Any CPU.Build.0 = Debug|Any CPU
		{E71ADC79-9789-4B6E-9EB8-E981077BC233}.Debug|x64.ActiveCfg = Debug|Any CPU
		{E71ADC79-9789-4B6E-9EB8-E981077BC233}.Debug|x64.Build.0 = Debug|Any CPU
		{E71ADC79-9789-4B6E-9EB8-E981077BC233}.Release|Any CPU.ActiveCfg = Release|Any CPU
		{E71ADC79-9789-4B6E-9EB8-E981077BC233}.Release|Any CPU.Build.0 = Release|Any CPU
		{E71ADC79-9789-4B6E-9EB8-E981077BC233}.Release|x64.ActiveCfg = Release|Any CPU
		{E71ADC79-9789-4B6E-9EB8-E981077BC233}.Release|x64.Build.0 = Release|Any CPU
		{717CB347-B958-4752-823B-A5E042B998CA}.Debug|Any CPU.ActiveCfg = Debug|Any CPU
		{717CB347-B958-4752-823B-A5E042B998CA}.Debug|Any CPU.Build.0 = Debug|Any CPU
		{717CB347-B958-4752-823B-A5E042B998CA}.Debug|x64.ActiveCfg = Debug|Any CPU
		{717CB347-B958-4752-823B-A5E042B998CA}.Debug|x64.Build.0 = Debug|Any CPU
		{717CB347-B958-4752-823B-A5E042B998CA}.Release|Any CPU.ActiveCfg = Release|Any CPU
		{717CB347-B958-4752-823B-A5E042B998CA}.Release|Any CPU.Build.0 = Release|Any CPU
		{717CB347-B958-4752-823B-A5E042B998CA}.Release|x64.ActiveCfg = Release|Any CPU
		{717CB347-B958-4752-823B-A5E042B998CA}.Release|x64.Build.0 = Release|Any CPU
		{13769355-6704-46C6-A855-EBF61B828DC6}.Debug|Any CPU.ActiveCfg = Debug|Any CPU
		{13769355-6704-46C6-A855-EBF61B828DC6}.Debug|Any CPU.Build.0 = Debug|Any CPU
		{13769355-6704-46C6-A855-EBF61B828DC6}.Debug|x64.ActiveCfg = Debug|Any CPU
		{13769355-6704-46C6-A855-EBF61B828DC6}.Debug|x64.Build.0 = Debug|Any CPU
		{13769355-6704-46C6-A855-EBF61B828DC6}.Release|Any CPU.ActiveCfg = Release|x64
		{13769355-6704-46C6-A855-EBF61B828DC6}.Release|x64.ActiveCfg = Release|x64
		{13769355-6704-46C6-A855-EBF61B828DC6}.Release|x64.Build.0 = Release|x64
		{48F4C94B-1D29-4717-A23C-45863DD4F71C}.Debug|Any CPU.ActiveCfg = Debug|Any CPU
		{48F4C94B-1D29-4717-A23C-45863DD4F71C}.Debug|Any CPU.Build.0 = Debug|Any CPU
		{48F4C94B-1D29-4717-A23C-45863DD4F71C}.Debug|Any CPU.Deploy.0 = Debug|Any CPU
		{48F4C94B-1D29-4717-A23C-45863DD4F71C}.Debug|x64.ActiveCfg = Debug|Any CPU
		{48F4C94B-1D29-4717-A23C-45863DD4F71C}.Debug|x64.Build.0 = Debug|Any CPU
		{48F4C94B-1D29-4717-A23C-45863DD4F71C}.Debug|x64.Deploy.0 = Debug|Any CPU
		{48F4C94B-1D29-4717-A23C-45863DD4F71C}.Release|Any CPU.ActiveCfg = Release|Any CPU
		{48F4C94B-1D29-4717-A23C-45863DD4F71C}.Release|Any CPU.Build.0 = Release|Any CPU
		{48F4C94B-1D29-4717-A23C-45863DD4F71C}.Release|Any CPU.Deploy.0 = Release|Any CPU
		{48F4C94B-1D29-4717-A23C-45863DD4F71C}.Release|x64.ActiveCfg = Release|Any CPU
		{48F4C94B-1D29-4717-A23C-45863DD4F71C}.Release|x64.Build.0 = Release|Any CPU
		{48F4C94B-1D29-4717-A23C-45863DD4F71C}.Release|x64.Deploy.0 = Release|Any CPU
		{06091402-4BB2-44D5-B443-32AAB04713C5}.Debug|Any CPU.ActiveCfg = Debug|Any CPU
		{06091402-4BB2-44D5-B443-32AAB04713C5}.Debug|Any CPU.Build.0 = Debug|Any CPU
		{06091402-4BB2-44D5-B443-32AAB04713C5}.Debug|x64.ActiveCfg = Debug|Any CPU
		{06091402-4BB2-44D5-B443-32AAB04713C5}.Debug|x64.Build.0 = Debug|Any CPU
		{06091402-4BB2-44D5-B443-32AAB04713C5}.Release|Any CPU.ActiveCfg = Release|Any CPU
		{06091402-4BB2-44D5-B443-32AAB04713C5}.Release|Any CPU.Build.0 = Release|Any CPU
		{06091402-4BB2-44D5-B443-32AAB04713C5}.Release|x64.ActiveCfg = Release|Any CPU
		{06091402-4BB2-44D5-B443-32AAB04713C5}.Release|x64.Build.0 = Release|Any CPU
	EndGlobalSection
	GlobalSection(SolutionProperties) = preSolution
		HideSolutionNode = FALSE
	EndGlobalSection
	GlobalSection(ExtensibilityGlobals) = postSolution
		SolutionGuid = {77C43FFC-5DDD-4F95-BEAF-39D1A4536339}
	EndGlobalSection
	GlobalSection(TeamFoundationVersionControl) = preSolution
		SccNumberOfProjects = 9
		SccEnterpriseProvider = {4CA58AB2-18FA-4F8D-95D4-32DDF27D184C}
		SccTeamFoundationServer = http://10.1.20.20:8080/tfs/defaultcollection
		SccProjectUniqueName0 = AutomationTests\\AutomationTests.csproj
		SccProjectName0 = AutomationTests
		SccAuxPath0 = http://10.1.20.20:8080/tfs/defaultcollection
		SccLocalPath0 = AutomationTests
		SccProvider0 = {4CA58AB2-18FA-4F8D-95D4-32DDF27D184C}
		SccProjectUniqueName1 = ProbeTests\\ProbeTests.csproj
		SccProjectName1 = ProbeTests
		SccAuxPath1 = http://10.1.20.20:8080/tfs/defaultcollection
		SccLocalPath1 = ProbeTests
		SccProvider1 = {4CA58AB2-18FA-4F8D-95D4-32DDF27D184C}
		SccProjectUniqueName2 = ProbeTests.Model\\ProbeTests.Model.csproj
		SccProjectName2 = ProbeTests.Model
		SccAuxPath2 = http://10.1.20.20:8080/tfs/defaultcollection
		SccLocalPath2 = ProbeTests.Model
		SccProvider2 = {4CA58AB2-18FA-4F8D-95D4-32DDF27D184C}
		SccProjectUniqueName3 = ..\\Monitoring\\Monitor.Lib\\Monitor.Lib.csproj
		SccProjectName3 = ../Monitoring/Monitor.Lib
		SccAuxPath3 = http://10.1.20.20:8080/tfs/defaultcollection
		SccLocalPath3 = ..\\Monitoring\\Monitor.Lib
		SccProvider3 = {4CA58AB2-18FA-4F8D-95D4-32DDF27D184C}
		SccProjectUniqueName4 = ..\\Monitoring\\HealthProbe\\HealthProbe.csproj
		SccProjectName4 = ../Monitoring/HealthProbe
		SccAuxPath4 = http://10.1.20.20:8080/tfs/defaultcollection
		SccLocalPath4 = ..\\Monitoring\\HealthProbe
		SccProvider4 = {4CA58AB2-18FA-4F8D-95D4-32DDF27D184C}
		SccProjectUniqueName5 = GraphHelper\\GraphHelper.csproj
		SccProjectName5 = GraphHelper
		SccAuxPath5 = http://10.1.20.20:8080/tfs/defaultcollection
		SccLocalPath5 = GraphHelper
		SccProvider5 = {4CA58AB2-18FA-4F8D-95D4-32DDF27D184C}
		SccProjectUniqueName6 = GraphTest\\GraphTest.csproj
		SccProjectName6 = GraphTest
		SccAuxPath6 = http://10.1.20.20:8080/tfs/defaultcollection
		SccLocalPath6 = GraphTest
		SccProvider6 = {4CA58AB2-18FA-4F8D-95D4-32DDF27D184C}
		SccProjectUniqueName7 = ..\\Apps\\BTCloud.Web\\BTCloud.Lib\\BTCloud.Lib.csproj
		SccProjectName7 = ../Apps/BTCloud.Web/BTCloud.Lib
		SccAuxPath7 = http://10.1.20.20:8080/tfs/defaultcollection
		SccLocalPath7 = ..\\Apps\\BTCloud.Web\\BTCloud.Lib
		SccProvider7 = {4CA58AB2-18FA-4F8D-95D4-32DDF27D184C}
		SccProjectUniqueName8 = ..\\Databases\\ProbeTests.Database\\ProbeTests.Database.sqlproj
		SccProjectName8 = ../Databases/ProbeTests.Database
		SccAuxPath8 = http://10.1.20.20:8080/tfs/defaultcollection
		SccLocalPath8 = ..\\Databases\\ProbeTests.Database
		SccProvider8 = {4CA58AB2-18FA-4F8D-95D4-32DDF27D184C}
	EndGlobalSection
EndGlobal
